
Microsoft Visual Studio Solution File, Format Version 12.00
# Visual Studio Version 16
VisualStudioVersion = 16.0.30114.128
MinimumVisualStudioVersion = 10.0.40219.1
Project("{9A19103F-16F7-4668-BE54-9A1E7A4F7556}") = "Openfin.PlatformAPI.Demo", "Openfin.PlatformAPI.Demo\Openfin.PlatformAPI.Demo.csproj", "{61BD71AF-FD03-4854-8B2B-23CE54396F82}"
EndProject
Project("{2150E333-8FDC-42A3-9474-1A3956D46DE8}") = "Solution Items", "Solution Items", "{8E486E6A-ACE8-412A-ADF2-441057A1712C}"
	ProjectSection(SolutionItems) = preProject
		README.md = README.md
	EndProjectSection
EndProject
Global
	GlobalSection(SolutionConfigurationPlatforms) = preSolution
		Debug|Any CPU = Debug|Any CPU
		Release|Any CPU = Release|Any CPU
	EndGlobalSection
	GlobalSection(ProjectConfigurationPlatforms) = postSolution
		{61BD71AF-FD03-4854-8B2B-23CE54396F82}.Debug|Any CPU.ActiveCfg = Debug|Any CPU
		{61BD71AF-FD03-4854-8B2B-23CE54396F82}.Debug|Any CPU.Build.0 = Debug|Any CPU
		{61BD71AF-FD03-4854-8B2B-23CE54396F82}.Release|Any CPU.ActiveCfg = Release|Any CPU
		{61BD71AF-FD03-4854-8B2B-23CE54396F82}.Release|Any CPU.Build.0 = Release|Any CPU
	EndGlobalSection
	GlobalSection(SolutionProperties) = preSolution
		HideSolutionNode = FALSE
	EndGlobalSection
	GlobalSection(ExtensibilityGlobals) = postSolution
		SolutionGuid = {BAB9F15C-EC66-47A1-A931-A780B59FC24E}
	EndGlobalSection
EndGlobal
